// !$*UTF8*$!
{
	archiveVersion = 1;
	classes = {
	};
	objectVersion = 45;
	objects = {

/* Begin PBXBuildFile section */
		8D11072F0486CEB800E47090 /* Cocoa.framework in Frameworks */ = {isa = PBXBuildFile; fileRef = 1058C7A1FEA54F0111CA2CBB /* Cocoa.framework */; };
		B64FE70410EE728F00B15A8F /* clientDescription.plist in Resources */ = {isa = PBXBuildFile; fileRef = B64FE70310EE728F00B15A8F /* clientDescription.plist */; };
		B64FE7C910EEA24500B15A8F /* DataModel.xcdatamodel in Sources */ = {isa = PBXBuildFile; fileRef = B64FE7C810EEA24500B15A8F /* DataModel.xcdatamodel */; };
		B64FE94010EF35DF00B15A8F /* libz.dylib in Frameworks */ = {isa = PBXBuildFile; fileRef = B64FE93F10EF35DF00B15A8F /* libz.dylib */; };
		B691FB4210ED855F00207210 /* AppDelegate.m in Sources */ = {isa = PBXBuildFile; fileRef = B691FB3B10ED855F00207210 /* AppDelegate.m */; };
		B691FB4310ED855F00207210 /* main.m in Sources */ = {isa = PBXBuildFile; fileRef = B691FB3C10ED855F00207210 /* main.m */; };
		B691FB4410ED855F00207210 /* InfoPlist.strings in Resources */ = {isa = PBXBuildFile; fileRef = B691FB3E10ED855F00207210 /* InfoPlist.strings */; };
		B691FB4510ED855F00207210 /* MainMenu.xib in Resources */ = {isa = PBXBuildFile; fileRef = B691FB4010ED855F00207210 /* MainMenu.xib */; };
		B691FB5F10ED867C00207210 /* CoreData.framework in Frameworks */ = {isa = PBXBuildFile; fileRef = B691FB5E10ED867C00207210 /* CoreData.framework */; };
		B691FB8C10ED875800207210 /* PairingWindow.xib in Resources */ = {isa = PBXBuildFile; fileRef = B691FB8310ED875800207210 /* PairingWindow.xib */; };
		B691FB8D10ED875800207210 /* NSSocket+ZSExtensions.m in Sources */ = {isa = PBXBuildFile; fileRef = B691FB8610ED875800207210 /* NSSocket+ZSExtensions.m */; };
		B691FB8E10ED875800207210 /* PairingCodeWindowController.m in Sources */ = {isa = PBXBuildFile; fileRef = B691FB8810ED875800207210 /* PairingCodeWindowController.m */; };
		B691FB8F10ED875800207210 /* ZSyncHandler.m in Sources */ = {isa = PBXBuildFile; fileRef = B691FB8B10ED875800207210 /* ZSyncHandler.m */; };
		B691FBBD10ED884000207210 /* SyncServices.framework in Frameworks */ = {isa = PBXBuildFile; fileRef = B691FBBC10ED884000207210 /* SyncServices.framework */; };
		B6EC175D10F5033E0051FD2E /* GTMNSData+zlib.m in Sources */ = {isa = PBXBuildFile; fileRef = B6EC175C10F5033E0051FD2E /* GTMNSData+zlib.m */; };
		B6EC179F10F509010051FD2E /* libMYNetwork-Desktop.a in Frameworks */ = {isa = PBXBuildFile; fileRef = B6EC179E10F509010051FD2E /* libMYNetwork-Desktop.a */; };
/* End PBXBuildFile section */

/* Begin PBXFileReference section */
		1058C7A1FEA54F0111CA2CBB /* Cocoa.framework */ = {isa = PBXFileReference; lastKnownFileType = wrapper.framework; name = Cocoa.framework; path = /System/Library/Frameworks/Cocoa.framework; sourceTree = "<absolute>"; };
		29B97324FDCFA39411CA2CEA /* AppKit.framework */ = {isa = PBXFileReference; lastKnownFileType = wrapper.framework; name = AppKit.framework; path = /System/Library/Frameworks/AppKit.framework; sourceTree = "<absolute>"; };
		29B97325FDCFA39411CA2CEA /* Foundation.framework */ = {isa = PBXFileReference; lastKnownFileType = wrapper.framework; name = Foundation.framework; path = /System/Library/Frameworks/Foundation.framework; sourceTree = "<absolute>"; };
		8D1107320486CEB800E47090 /* ZSyncDaemon.app */ = {isa = PBXFileReference; explicitFileType = wrapper.application; includeInIndex = 0; path = ZSyncDaemon.app; sourceTree = BUILT_PRODUCTS_DIR; };
		B64FE70310EE728F00B15A8F /* clientDescription.plist */ = {isa = PBXFileReference; fileEncoding = 4; lastKnownFileType = text.plist.xml; path = clientDescription.plist; sourceTree = "<group>"; };
		B64FE7C810EEA24500B15A8F /* DataModel.xcdatamodel */ = {isa = PBXFileReference; fileEncoding = 4; lastKnownFileType = wrapper.xcdatamodel; path = DataModel.xcdatamodel; sourceTree = "<group>"; };
		B64FE93F10EF35DF00B15A8F /* libz.dylib */ = {isa = PBXFileReference; lastKnownFileType = "compiled.mach-o.dylib"; name = libz.dylib; path = usr/lib/libz.dylib; sourceTree = SDKROOT; };
		B691FB3A10ED855F00207210 /* AppDelegate.h */ = {isa = PBXFileReference; fileEncoding = 4; lastKnownFileType = sourcecode.c.h; path = AppDelegate.h; sourceTree = "<group>"; };
		B691FB3B10ED855F00207210 /* AppDelegate.m */ = {isa = PBXFileReference; fileEncoding = 4; lastKnownFileType = sourcecode.c.objc; path = AppDelegate.m; sourceTree = "<group>"; };
		B691FB3C10ED855F00207210 /* main.m */ = {isa = PBXFileReference; fileEncoding = 4; lastKnownFileType = sourcecode.c.objc; name = main.m; path = Classes/main.m; sourceTree = "<group>"; };
		B691FB3F10ED855F00207210 /* en */ = {isa = PBXFileReference; fileEncoding = 4; lastKnownFileType = text.plist.strings; name = en; path = InfoPlist.strings; sourceTree = "<group>"; };
		B691FB4110ED855F00207210 /* en */ = {isa = PBXFileReference; lastKnownFileType = file.xib; name = en; path = MainMenu.xib; sourceTree = "<group>"; };
		B691FB4910ED857100207210 /* Info.plist */ = {isa = PBXFileReference; fileEncoding = 4; lastKnownFileType = text.plist.xml; path = Info.plist; sourceTree = "<group>"; };
		B691FB4A10ED857100207210 /* Prefix.pch */ = {isa = PBXFileReference; fileEncoding = 4; lastKnownFileType = sourcecode.c.h; path = Prefix.pch; sourceTree = "<group>"; };
		B691FB5E10ED867C00207210 /* CoreData.framework */ = {isa = PBXFileReference; lastKnownFileType = wrapper.framework; name = CoreData.framework; path = System/Library/Frameworks/CoreData.framework; sourceTree = SDKROOT; };
		B691FB8410ED875800207210 /* en */ = {isa = PBXFileReference; lastKnownFileType = file.xib; name = en; path = en.lproj/PairingWindow.xib; sourceTree = "<group>"; };
		B691FB8510ED875800207210 /* NSSocket+ZSExtensions.h */ = {isa = PBXFileReference; fileEncoding = 4; lastKnownFileType = sourcecode.c.h; path = "NSSocket+ZSExtensions.h"; sourceTree = "<group>"; };
		B691FB8610ED875800207210 /* NSSocket+ZSExtensions.m */ = {isa = PBXFileReference; fileEncoding = 4; lastKnownFileType = sourcecode.c.objc; path = "NSSocket+ZSExtensions.m"; sourceTree = "<group>"; };
		B691FB8710ED875800207210 /* PairingCodeWindowController.h */ = {isa = PBXFileReference; fileEncoding = 4; lastKnownFileType = sourcecode.c.h; path = PairingCodeWindowController.h; sourceTree = "<group>"; };
		B691FB8810ED875800207210 /* PairingCodeWindowController.m */ = {isa = PBXFileReference; fileEncoding = 4; lastKnownFileType = sourcecode.c.objc; path = PairingCodeWindowController.m; sourceTree = "<group>"; };
		B691FB8910ED875800207210 /* ZSync.h */ = {isa = PBXFileReference; fileEncoding = 4; lastKnownFileType = sourcecode.c.h; path = ZSync.h; sourceTree = "<group>"; };
		B691FB8A10ED875800207210 /* ZSyncHandler.h */ = {isa = PBXFileReference; fileEncoding = 4; lastKnownFileType = sourcecode.c.h; path = ZSyncHandler.h; sourceTree = "<group>"; };
		B691FB8B10ED875800207210 /* ZSyncHandler.m */ = {isa = PBXFileReference; fileEncoding = 4; lastKnownFileType = sourcecode.c.objc; path = ZSyncHandler.m; sourceTree = "<group>"; };
		B691FB9910ED879D00207210 /* BLIP.h */ = {isa = PBXFileReference; fileEncoding = 4; lastKnownFileType = sourcecode.c.h; path = BLIP.h; sourceTree = "<group>"; };
		B691FB9A10ED879D00207210 /* BLIPConnection.h */ = {isa = PBXFileReference; fileEncoding = 4; lastKnownFileType = sourcecode.c.h; path = BLIPConnection.h; sourceTree = "<group>"; };
		B691FB9B10ED879D00207210 /* BLIPDispatcher.h */ = {isa = PBXFileReference; fileEncoding = 4; lastKnownFileType = sourcecode.c.h; path = BLIPDispatcher.h; sourceTree = "<group>"; };
		B691FB9C10ED879D00207210 /* BLIPMessage.h */ = {isa = PBXFileReference; fileEncoding = 4; lastKnownFileType = sourcecode.c.h; path = BLIPMessage.h; sourceTree = "<group>"; };
		B691FB9D10ED879D00207210 /* BLIPProperties.h */ = {isa = PBXFileReference; fileEncoding = 4; lastKnownFileType = sourcecode.c.h; path = BLIPProperties.h; sourceTree = "<group>"; };
		B691FB9E10ED879D00207210 /* BLIPRequest.h */ = {isa = PBXFileReference; fileEncoding = 4; lastKnownFileType = sourcecode.c.h; path = BLIPRequest.h; sourceTree = "<group>"; };
		B691FB9F10ED879D00207210 /* IPAddress.h */ = {isa = PBXFileReference; fileEncoding = 4; lastKnownFileType = sourcecode.c.h; path = IPAddress.h; sourceTree = "<group>"; };
		B691FBA210ED879D00207210 /* MYBonjourBrowser.h */ = {isa = PBXFileReference; fileEncoding = 4; lastKnownFileType = sourcecode.c.h; path = MYBonjourBrowser.h; sourceTree = "<group>"; };
		B691FBA310ED879D00207210 /* MYBonjourService.h */ = {isa = PBXFileReference; fileEncoding = 4; lastKnownFileType = sourcecode.c.h; path = MYBonjourService.h; sourceTree = "<group>"; };
		B691FBA410ED879D00207210 /* MYDNSService.h */ = {isa = PBXFileReference; fileEncoding = 4; lastKnownFileType = sourcecode.c.h; path = MYDNSService.h; sourceTree = "<group>"; };
		B691FBA510ED879D00207210 /* MYNetwork.h */ = {isa = PBXFileReference; fileEncoding = 4; lastKnownFileType = sourcecode.c.h; path = MYNetwork.h; sourceTree = "<group>"; };
		B691FBA610ED879D00207210 /* MYPortMapper.h */ = {isa = PBXFileReference; fileEncoding = 4; lastKnownFileType = sourcecode.c.h; path = MYPortMapper.h; sourceTree = "<group>"; };
		B691FBA710ED879D00207210 /* TCPConnection.h */ = {isa = PBXFileReference; fileEncoding = 4; lastKnownFileType = sourcecode.c.h; path = TCPConnection.h; sourceTree = "<group>"; };
		B691FBA810ED879D00207210 /* TCPEndpoint.h */ = {isa = PBXFileReference; fileEncoding = 4; lastKnownFileType = sourcecode.c.h; path = TCPEndpoint.h; sourceTree = "<group>"; };
		B691FBA910ED879D00207210 /* TCPListener.h */ = {isa = PBXFileReference; fileEncoding = 4; lastKnownFileType = sourcecode.c.h; path = TCPListener.h; sourceTree = "<group>"; };
		B691FBAA10ED879D00207210 /* ZSyncShared.h */ = {isa = PBXFileReference; fileEncoding = 4; lastKnownFileType = sourcecode.c.h; path = ZSyncShared.h; sourceTree = "<group>"; };
		B691FBBC10ED884000207210 /* SyncServices.framework */ = {isa = PBXFileReference; lastKnownFileType = wrapper.framework; name = SyncServices.framework; path = System/Library/Frameworks/SyncServices.framework; sourceTree = SDKROOT; };
		B6EC175A10F5033E0051FD2E /* GTMDefines.h */ = {isa = PBXFileReference; fileEncoding = 4; lastKnownFileType = sourcecode.c.h; path = GTMDefines.h; sourceTree = "<group>"; };
		B6EC175B10F5033E0051FD2E /* GTMNSData+zlib.h */ = {isa = PBXFileReference; fileEncoding = 4; lastKnownFileType = sourcecode.c.h; path = "GTMNSData+zlib.h"; sourceTree = "<group>"; };
		B6EC175C10F5033E0051FD2E /* GTMNSData+zlib.m */ = {isa = PBXFileReference; fileEncoding = 4; lastKnownFileType = sourcecode.c.objc; path = "GTMNSData+zlib.m"; sourceTree = "<group>"; };
		B6EC179E10F509010051FD2E /* libMYNetwork-Desktop.a */ = {isa = PBXFileReference; lastKnownFileType = archive.ar; path = "libMYNetwork-Desktop.a"; sourceTree = "<group>"; };
/* End PBXFileReference section */

/* Begin PBXFrameworksBuildPhase section */
		8D11072E0486CEB800E47090 /* Frameworks */ = {
			isa = PBXFrameworksBuildPhase;
			buildActionMask = 2147483647;
			files = (
				8D11072F0486CEB800E47090 /* Cocoa.framework in Frameworks */,
				B691FB5F10ED867C00207210 /* CoreData.framework in Frameworks */,
				B691FBBD10ED884000207210 /* SyncServices.framework in Frameworks */,
				B64FE94010EF35DF00B15A8F /* libz.dylib in Frameworks */,
				B6EC179F10F509010051FD2E /* libMYNetwork-Desktop.a in Frameworks */,
			);
			runOnlyForDeploymentPostprocessing = 0;
		};
/* End PBXFrameworksBuildPhase section */

/* Begin PBXGroup section */
		1058C7A0FEA54F0111CA2CBB /* Linked Frameworks */ = {
			isa = PBXGroup;
			children = (
				B691FB5E10ED867C00207210 /* CoreData.framework */,
				1058C7A1FEA54F0111CA2CBB /* Cocoa.framework */,
				B691FBBC10ED884000207210 /* SyncServices.framework */,
			);
			name = "Linked Frameworks";
			sourceTree = "<group>";
		};
		1058C7A2FEA54F0111CA2CBB /* Other Frameworks */ = {
			isa = PBXGroup;
			children = (
				29B97324FDCFA39411CA2CEA /* AppKit.framework */,
				29B97325FDCFA39411CA2CEA /* Foundation.framework */,
			);
			name = "Other Frameworks";
			sourceTree = "<group>";
		};
		19C28FACFE9D520D11CA2CBB /* Products */ = {
			isa = PBXGroup;
			children = (
				8D1107320486CEB800E47090 /* ZSyncDaemon.app */,
			);
			name = Products;
			sourceTree = "<group>";
		};
		29B97314FDCFA39411CA2CEA /* Daemon */ = {
			isa = PBXGroup;
			children = (
				B6EC175910F5033E0051FD2E /* GoogleToolboxSubset */,
				B691FB9810ED879D00207210 /* SharedCode */,
				B691FB8210ED875800207210 /* DesktopCode */,
				B691FB3910ED855F00207210 /* Classes */,
				29B97315FDCFA39411CA2CEA /* Other Sources */,
				29B97317FDCFA39411CA2CEA /* Resources */,
				29B97323FDCFA39411CA2CEA /* Frameworks */,
				19C28FACFE9D520D11CA2CBB /* Products */,
			);
			name = Daemon;
			sourceTree = "<group>";
		};
		29B97315FDCFA39411CA2CEA /* Other Sources */ = {
			isa = PBXGroup;
			children = (
				B691FB4910ED857100207210 /* Info.plist */,
				B691FB4A10ED857100207210 /* Prefix.pch */,
				B691FB3C10ED855F00207210 /* main.m */,
			);
			name = "Other Sources";
			sourceTree = "<group>";
		};
		29B97317FDCFA39411CA2CEA /* Resources */ = {
			isa = PBXGroup;
			children = (
				B64FE7C710EEA24500B15A8F /* DataModel */,
				B64FE70310EE728F00B15A8F /* clientDescription.plist */,
				B691FB3E10ED855F00207210 /* InfoPlist.strings */,
				B691FB4010ED855F00207210 /* MainMenu.xib */,
			);
			name = Resources;
			sourceTree = "<group>";
		};
		29B97323FDCFA39411CA2CEA /* Frameworks */ = {
			isa = PBXGroup;
			children = (
				1058C7A0FEA54F0111CA2CBB /* Linked Frameworks */,
				1058C7A2FEA54F0111CA2CBB /* Other Frameworks */,
				B64FE93F10EF35DF00B15A8F /* libz.dylib */,
			);
			name = Frameworks;
			sourceTree = "<group>";
		};
		B64FE7C710EEA24500B15A8F /* DataModel */ = {
			isa = PBXGroup;
			children = (
				B64FE7C810EEA24500B15A8F /* DataModel.xcdatamodel */,
			);
			name = DataModel;
			path = ../DataModel;
			sourceTree = SOURCE_ROOT;
		};
		B691FB3910ED855F00207210 /* Classes */ = {
			isa = PBXGroup;
			children = (
				B691FB3A10ED855F00207210 /* AppDelegate.h */,
				B691FB3B10ED855F00207210 /* AppDelegate.m */,
			);
			path = Classes;
			sourceTree = "<group>";
		};
		B691FB8210ED875800207210 /* DesktopCode */ = {
			isa = PBXGroup;
			children = (
				B6EC179E10F509010051FD2E /* libMYNetwork-Desktop.a */,
				B691FB8310ED875800207210 /* PairingWindow.xib */,
				B691FB8510ED875800207210 /* NSSocket+ZSExtensions.h */,
				B691FB8610ED875800207210 /* NSSocket+ZSExtensions.m */,
				B691FB8710ED875800207210 /* PairingCodeWindowController.h */,
				B691FB8810ED875800207210 /* PairingCodeWindowController.m */,
				B691FB8910ED875800207210 /* ZSync.h */,
				B691FB8A10ED875800207210 /* ZSyncHandler.h */,
				B691FB8B10ED875800207210 /* ZSyncHandler.m */,
			);
			name = DesktopCode;
			path = ../DesktopCode;
			sourceTree = SOURCE_ROOT;
		};
		B691FB9810ED879D00207210 /* SharedCode */ = {
			isa = PBXGroup;
			children = (
				B691FB9910ED879D00207210 /* BLIP.h */,
				B691FB9A10ED879D00207210 /* BLIPConnection.h */,
				B691FB9B10ED879D00207210 /* BLIPDispatcher.h */,
				B691FB9C10ED879D00207210 /* BLIPMessage.h */,
				B691FB9D10ED879D00207210 /* BLIPProperties.h */,
				B691FB9E10ED879D00207210 /* BLIPRequest.h */,
				B691FB9F10ED879D00207210 /* IPAddress.h */,
				B691FBA210ED879D00207210 /* MYBonjourBrowser.h */,
				B691FBA310ED879D00207210 /* MYBonjourService.h */,
				B691FBA410ED879D00207210 /* MYDNSService.h */,
				B691FBA510ED879D00207210 /* MYNetwork.h */,
				B691FBA610ED879D00207210 /* MYPortMapper.h */,
				B691FBA710ED879D00207210 /* TCPConnection.h */,
				B691FBA810ED879D00207210 /* TCPEndpoint.h */,
				B691FBA910ED879D00207210 /* TCPListener.h */,
				B691FBAA10ED879D00207210 /* ZSyncShared.h */,
			);
			name = SharedCode;
			path = ../SharedCode;
			sourceTree = SOURCE_ROOT;
		};
		B6EC175910F5033E0051FD2E /* GoogleToolboxSubset */ = {
			isa = PBXGroup;
			children = (
				B6EC175A10F5033E0051FD2E /* GTMDefines.h */,
				B6EC175B10F5033E0051FD2E /* GTMNSData+zlib.h */,
				B6EC175C10F5033E0051FD2E /* GTMNSData+zlib.m */,
			);
			name = GoogleToolboxSubset;
			path = ../GoogleToolboxSubset;
			sourceTree = SOURCE_ROOT;
		};
/* End PBXGroup section */

/* Begin PBXNativeTarget section */
		8D1107260486CEB800E47090 /* ZSyncDaemon */ = {
			isa = PBXNativeTarget;
			buildConfigurationList = C01FCF4A08A954540054247B /* Build configuration list for PBXNativeTarget "ZSyncDaemon" */;
			buildPhases = (
				8D1107290486CEB800E47090 /* Resources */,
				8D11072C0486CEB800E47090 /* Sources */,
				8D11072E0486CEB800E47090 /* Frameworks */,
			);
			buildRules = (
			);
			dependencies = (
			);
			name = ZSyncDaemon;
			productInstallPath = "$(HOME)/Applications";
			productName = Daemon;
			productReference = 8D1107320486CEB800E47090 /* ZSyncDaemon.app */;
			productType = "com.apple.product-type.application";
		};
/* End PBXNativeTarget section */

/* Begin PBXProject section */
		29B97313FDCFA39411CA2CEA /* Project object */ = {
			isa = PBXProject;
			buildConfigurationList = C01FCF4E08A954540054247B /* Build configuration list for PBXProject "ZSyncDaemon" */;
			compatibilityVersion = "Xcode 3.1";
			hasScannedForEncodings = 1;
			knownRegions = (
				English,
				Japanese,
				French,
				German,
				en,
			);
			mainGroup = 29B97314FDCFA39411CA2CEA /* Daemon */;
			projectDirPath = "";
			projectRoot = "";
			targets = (
				8D1107260486CEB800E47090 /* ZSyncDaemon */,
			);
		};
/* End PBXProject section */

/* Begin PBXResourcesBuildPhase section */
		8D1107290486CEB800E47090 /* Resources */ = {
			isa = PBXResourcesBuildPhase;
			buildActionMask = 2147483647;
			files = (
				B691FB4410ED855F00207210 /* InfoPlist.strings in Resources */,
				B691FB4510ED855F00207210 /* MainMenu.xib in Resources */,
				B691FB8C10ED875800207210 /* PairingWindow.xib in Resources */,
				B64FE70410EE728F00B15A8F /* clientDescription.plist in Resources */,
			);
			runOnlyForDeploymentPostprocessing = 0;
		};
/* End PBXResourcesBuildPhase section */

/* Begin PBXSourcesBuildPhase section */
		8D11072C0486CEB800E47090 /* Sources */ = {
			isa = PBXSourcesBuildPhase;
			buildActionMask = 2147483647;
			files = (
				B691FB4210ED855F00207210 /* AppDelegate.m in Sources */,
				B691FB4310ED855F00207210 /* main.m in Sources */,
				B691FB8D10ED875800207210 /* NSSocket+ZSExtensions.m in Sources */,
				B691FB8E10ED875800207210 /* PairingCodeWindowController.m in Sources */,
				B691FB8F10ED875800207210 /* ZSyncHandler.m in Sources */,
				B64FE7C910EEA24500B15A8F /* DataModel.xcdatamodel in Sources */,
				B6EC175D10F5033E0051FD2E /* GTMNSData+zlib.m in Sources */,
			);
			runOnlyForDeploymentPostprocessing = 0;
		};
/* End PBXSourcesBuildPhase section */

/* Begin PBXVariantGroup section */
		B691FB3E10ED855F00207210 /* InfoPlist.strings */ = {
			isa = PBXVariantGroup;
			children = (
				B691FB3F10ED855F00207210 /* en */,
			);
			name = InfoPlist.strings;
			path = en.lproj;
			sourceTree = "<group>";
		};
		B691FB4010ED855F00207210 /* MainMenu.xib */ = {
			isa = PBXVariantGroup;
			children = (
				B691FB4110ED855F00207210 /* en */,
			);
			name = MainMenu.xib;
			path = en.lproj;
			sourceTree = "<group>";
		};
		B691FB8310ED875800207210 /* PairingWindow.xib */ = {
			isa = PBXVariantGroup;
			children = (
				B691FB8410ED875800207210 /* en */,
			);
			name = PairingWindow.xib;
			sourceTree = "<group>";
		};
/* End PBXVariantGroup section */

/* Begin XCBuildConfiguration section */
		C01FCF4B08A954540054247B /* Debug */ = {
			isa = XCBuildConfiguration;
			buildSettings = {
				ALWAYS_SEARCH_USER_PATHS = NO;
				COPY_PHASE_STRIP = NO;
				GCC_DYNAMIC_NO_PIC = NO;
				GCC_ENABLE_FIX_AND_CONTINUE = YES;
				GCC_MODEL_TUNING = G5;
				GCC_OPTIMIZATION_LEVEL = 0;
				GCC_PRECOMPILE_PREFIX_HEADER = YES;
				GCC_PREFIX_HEADER = Prefix.pch;
				INFOPLIST_FILE = Info.plist;
				INSTALL_PATH = "$(HOME)/Applications";
				LIBRARY_SEARCH_PATHS = (
					"$(inherited)",
					"\"$(SRCROOT)/../SharedCode\"",
					"\"$(SRCROOT)/../DesktopCode\"",
				);
				OTHER_CFLAGS = "-DDEBUG";
				PRODUCT_NAME = ZSyncDaemon;
			};
			name = Debug;
		};
		C01FCF4C08A954540054247B /* Release */ = {
			isa = XCBuildConfiguration;
			buildSettings = {
				ALWAYS_SEARCH_USER_PATHS = NO;
				DEBUG_INFORMATION_FORMAT = "dwarf-with-dsym";
				GCC_MODEL_TUNING = G5;
				GCC_PRECOMPILE_PREFIX_HEADER = YES;
				GCC_PREFIX_HEADER = Prefix.pch;
				INFOPLIST_FILE = Info.plist;
				INSTALL_PATH = "$(HOME)/Applications";
				LIBRARY_SEARCH_PATHS = (
					"$(inherited)",
					"\"$(SRCROOT)/../SharedCode\"",
					"\"$(SRCROOT)/../DesktopCode\"",
				);
				PRODUCT_NAME = ZSyncDaemon;
			};
			name = Release;
		};
		C01FCF4F08A954540054247B /* Debug */ = {
			isa = XCBuildConfiguration;
			buildSettings = {
				ARCHS = "$(ARCHS_STANDARD_32_64_BIT)";
				GCC_C_LANGUAGE_STANDARD = gnu99;
				GCC_OPTIMIZATION_LEVEL = 0;
				GCC_WARN_ABOUT_RETURN_TYPE = YES;
				GCC_WARN_UNUSED_VARIABLE = YES;
				ONLY_ACTIVE_ARCH = YES;
				PREBINDING = NO;
				SDKROOT = macosx10.6;
			};
			name = Debug;
		};
		C01FCF5008A954540054247B /* Release */ = {
			isa = XCBuildConfiguration;
			buildSettings = {
				ARCHS = "$(ARCHS_STANDARD_32_64_BIT)";
				GCC_C_LANGUAGE_STANDARD = gnu99;
				GCC_WARN_ABOUT_RETURN_TYPE = YES;
				GCC_WARN_UNUSED_VARIABLE = YES;
				PREBINDING = NO;
				SDKROOT = macosx10.6;
			};
			name = Release;
		};
/* End XCBuildConfiguration section */

/* Begin XCConfigurationList section */
		C01FCF4A08A954540054247B /* Build configuration list for PBXNativeTarget "ZSyncDaemon" */ = {
			isa = XCConfigurationList;
			buildConfigurations = (
				C01FCF4B08A954540054247B /* Debug */,
				C01FCF4C08A954540054247B /* Release */,
			);
			defaultConfigurationIsVisible = 0;
			defaultConfigurationName = Release;
		};
		C01FCF4E08A954540054247B /* Build configuration list for PBXProject "ZSyncDaemon" */ = {
			isa = XCConfigurationList;
			buildConfigurations = (
				C01FCF4F08A954540054247B /* Debug */,
				C01FCF5008A954540054247B /* Release */,
			);
			defaultConfigurationIsVisible = 0;
			defaultConfigurationName = Release;
		};
/* End XCConfigurationList section */
	};
	rootObject = 29B97313FDCFA39411CA2CEA /* Project object */;
}
