// !$*UTF8*$!
{
	archiveVersion = 1;
	classes = {
	};
	objectVersion = 45;
	objects = {

/* Begin PBXBuildFile section */
		1D3623260D0F684500981E51 /* AppDelegate.m in Sources */ = {isa = PBXBuildFile; fileRef = 1D3623250D0F684500981E51 /* AppDelegate.m */; };
		1D60589B0D05DD56006BFB54 /* main.m in Sources */ = {isa = PBXBuildFile; fileRef = 29B97316FDCFA39411CA2CEA /* main.m */; };
		1D60589F0D05DD5A006BFB54 /* Foundation.framework in Frameworks */ = {isa = PBXBuildFile; fileRef = 1D30AB110D05D00D00671497 /* Foundation.framework */; };
		1DF5F4E00D08C38300B7A737 /* UIKit.framework in Frameworks */ = {isa = PBXBuildFile; fileRef = 1DF5F4DF0D08C38300B7A737 /* UIKit.framework */; };
		28860BE50F44EE6400985440 /* CoreData.framework in Frameworks */ = {isa = PBXBuildFile; fileRef = 28860BE40F44EE6400985440 /* CoreData.framework */; };
		2892E4100DC94CBA00A64D0F /* CoreGraphics.framework in Frameworks */ = {isa = PBXBuildFile; fileRef = 2892E40F0DC94CBA00A64D0F /* CoreGraphics.framework */; };
		28C286E10D94DF7D0034E888 /* RootViewController.m in Sources */ = {isa = PBXBuildFile; fileRef = 28C286E00D94DF7D0034E888 /* RootViewController.m */; };
		B61383EC10BA7FFA006E7227 /* PairingEntryController.m in Sources */ = {isa = PBXBuildFile; fileRef = B61383EB10BA7FFA006E7227 /* PairingEntryController.m */; };
		B61383EF10BA8049006E7227 /* PairingView.xib in Resources */ = {isa = PBXBuildFile; fileRef = B61383ED10BA8049006E7227 /* PairingView.xib */; };
		B61384D110BCD3D9006E7227 /* PairingServerTableViewController.m in Sources */ = {isa = PBXBuildFile; fileRef = B61384D010BCD3D9006E7227 /* PairingServerTableViewController.m */; };
		B61384FB10BCD82C006E7227 /* app.png in Resources */ = {isa = PBXBuildFile; fileRef = B61384FA10BCD82C006E7227 /* app.png */; };
		B631391C10AB4E9900E27635 /* ZSyncTouchHandler.m in Sources */ = {isa = PBXBuildFile; fileRef = B631391B10AB4E9900E27635 /* ZSyncTouchHandler.m */; };
		B642864010BEA11700470E43 /* QuartzCore.framework in Frameworks */ = {isa = PBXBuildFile; fileRef = B642863F10BEA11700470E43 /* QuartzCore.framework */; };
		B68F1A3010C223C5008CCD93 /* libMYNetwork.a in Frameworks */ = {isa = PBXBuildFile; fileRef = B68F1A2F10C223C5008CCD93 /* libMYNetwork.a */; };
		B6C2E13610A748B50063E436 /* MainWindow.xib in Resources */ = {isa = PBXBuildFile; fileRef = B6C2E13110A748B50063E436 /* MainWindow.xib */; };
		B6C2E13710A748B50063E436 /* RootViewController.xib in Resources */ = {isa = PBXBuildFile; fileRef = B6C2E13310A748B50063E436 /* RootViewController.xib */; };
		B6C2E13810A748B50063E436 /* DataModel.xcdatamodel in Sources */ = {isa = PBXBuildFile; fileRef = B6C2E13510A748B50063E436 /* DataModel.xcdatamodel */; };
		B6FF2CDE10B5106D007AB6D4 /* CFNetwork.framework in Frameworks */ = {isa = PBXBuildFile; fileRef = B6FF2CDD10B5106D007AB6D4 /* CFNetwork.framework */; };
/* End PBXBuildFile section */

/* Begin PBXFileReference section */
		1D30AB110D05D00D00671497 /* Foundation.framework */ = {isa = PBXFileReference; lastKnownFileType = wrapper.framework; name = Foundation.framework; path = System/Library/Frameworks/Foundation.framework; sourceTree = SDKROOT; };
		1D3623240D0F684500981E51 /* AppDelegate.h */ = {isa = PBXFileReference; fileEncoding = 4; lastKnownFileType = sourcecode.c.h; path = AppDelegate.h; sourceTree = "<group>"; };
		1D3623250D0F684500981E51 /* AppDelegate.m */ = {isa = PBXFileReference; fileEncoding = 4; lastKnownFileType = sourcecode.c.objc; path = AppDelegate.m; sourceTree = "<group>"; };
		1D6058910D05DD3D006BFB54 /* SampleTouch.app */ = {isa = PBXFileReference; explicitFileType = wrapper.application; includeInIndex = 0; path = SampleTouch.app; sourceTree = BUILT_PRODUCTS_DIR; };
		1DF5F4DF0D08C38300B7A737 /* UIKit.framework */ = {isa = PBXFileReference; lastKnownFileType = wrapper.framework; name = UIKit.framework; path = System/Library/Frameworks/UIKit.framework; sourceTree = SDKROOT; };
		28860BE40F44EE6400985440 /* CoreData.framework */ = {isa = PBXFileReference; lastKnownFileType = wrapper.framework; name = CoreData.framework; path = System/Library/Frameworks/CoreData.framework; sourceTree = SDKROOT; };
		2892E40F0DC94CBA00A64D0F /* CoreGraphics.framework */ = {isa = PBXFileReference; lastKnownFileType = wrapper.framework; name = CoreGraphics.framework; path = System/Library/Frameworks/CoreGraphics.framework; sourceTree = SDKROOT; };
		28A0AAE50D9B0CCF005BE974 /* Prefix.pch */ = {isa = PBXFileReference; fileEncoding = 4; lastKnownFileType = sourcecode.c.h; path = Prefix.pch; sourceTree = "<group>"; };
		28C286DF0D94DF7D0034E888 /* RootViewController.h */ = {isa = PBXFileReference; fileEncoding = 4; lastKnownFileType = sourcecode.c.h; path = RootViewController.h; sourceTree = "<group>"; };
		28C286E00D94DF7D0034E888 /* RootViewController.m */ = {isa = PBXFileReference; fileEncoding = 4; lastKnownFileType = sourcecode.c.objc; path = RootViewController.m; sourceTree = "<group>"; };
		29B97316FDCFA39411CA2CEA /* main.m */ = {isa = PBXFileReference; fileEncoding = 4; lastKnownFileType = sourcecode.c.objc; path = main.m; sourceTree = "<group>"; };
		8D1107310486CEB800E47090 /* Info.plist */ = {isa = PBXFileReference; fileEncoding = 4; lastKnownFileType = text.plist.xml; path = Info.plist; plistStructureDefinitionIdentifier = "com.apple.xcode.plist.structure-definition.iphone.info-plist"; sourceTree = "<group>"; };
		B61383EA10BA7FFA006E7227 /* PairingEntryController.h */ = {isa = PBXFileReference; fileEncoding = 4; lastKnownFileType = sourcecode.c.h; path = PairingEntryController.h; sourceTree = "<group>"; };
		B61383EB10BA7FFA006E7227 /* PairingEntryController.m */ = {isa = PBXFileReference; fileEncoding = 4; lastKnownFileType = sourcecode.c.objc; path = PairingEntryController.m; sourceTree = "<group>"; };
		B61383EE10BA8049006E7227 /* en */ = {isa = PBXFileReference; lastKnownFileType = file.xib; name = en; path = en.lproj/PairingView.xib; sourceTree = "<group>"; };
		B61384CF10BCD3D9006E7227 /* PairingServerTableViewController.h */ = {isa = PBXFileReference; fileEncoding = 4; lastKnownFileType = sourcecode.c.h; path = PairingServerTableViewController.h; sourceTree = "<group>"; };
		B61384D010BCD3D9006E7227 /* PairingServerTableViewController.m */ = {isa = PBXFileReference; fileEncoding = 4; lastKnownFileType = sourcecode.c.objc; path = PairingServerTableViewController.m; sourceTree = "<group>"; };
		B61384FA10BCD82C006E7227 /* app.png */ = {isa = PBXFileReference; lastKnownFileType = image.png; name = app.png; path = ../Images/app.png; sourceTree = SOURCE_ROOT; };
		B631391910AB4E7F00E27635 /* ZSyncTouch.h */ = {isa = PBXFileReference; fileEncoding = 4; lastKnownFileType = sourcecode.c.h; path = ZSyncTouch.h; sourceTree = "<group>"; };
		B631391A10AB4E9900E27635 /* ZSyncTouchHandler.h */ = {isa = PBXFileReference; fileEncoding = 4; lastKnownFileType = sourcecode.c.h; path = ZSyncTouchHandler.h; sourceTree = "<group>"; };
		B631391B10AB4E9900E27635 /* ZSyncTouchHandler.m */ = {isa = PBXFileReference; fileEncoding = 4; lastKnownFileType = sourcecode.c.objc; path = ZSyncTouchHandler.m; sourceTree = "<group>"; };
		B642863F10BEA11700470E43 /* QuartzCore.framework */ = {isa = PBXFileReference; lastKnownFileType = wrapper.framework; name = QuartzCore.framework; path = System/Library/Frameworks/QuartzCore.framework; sourceTree = SDKROOT; };
		B6457FED10B0A94E00A96714 /* ZSyncShared.h */ = {isa = PBXFileReference; fileEncoding = 4; lastKnownFileType = sourcecode.c.h; path = ZSyncShared.h; sourceTree = "<group>"; };
		B68F1A2F10C223C5008CCD93 /* libMYNetwork.a */ = {isa = PBXFileReference; lastKnownFileType = archive.ar; path = libMYNetwork.a; sourceTree = "<group>"; };
		B6C2E13210A748B50063E436 /* en */ = {isa = PBXFileReference; lastKnownFileType = file.xib; name = en; path = en.lproj/MainWindow.xib; sourceTree = "<group>"; };
		B6C2E13410A748B50063E436 /* en */ = {isa = PBXFileReference; lastKnownFileType = file.xib; name = en; path = en.lproj/RootViewController.xib; sourceTree = "<group>"; };
		B6C2E13510A748B50063E436 /* DataModel.xcdatamodel */ = {isa = PBXFileReference; fileEncoding = 4; lastKnownFileType = wrapper.xcdatamodel; name = DataModel.xcdatamodel; path = Models/DataModel.xcdatamodel; sourceTree = "<group>"; };
		B6FF2CDD10B5106D007AB6D4 /* CFNetwork.framework */ = {isa = PBXFileReference; lastKnownFileType = wrapper.framework; name = CFNetwork.framework; path = System/Library/Frameworks/CFNetwork.framework; sourceTree = SDKROOT; };
/* End PBXFileReference section */

/* Begin PBXFrameworksBuildPhase section */
		1D60588F0D05DD3D006BFB54 /* Frameworks */ = {
			isa = PBXFrameworksBuildPhase;
			buildActionMask = 2147483647;
			files = (
				1D60589F0D05DD5A006BFB54 /* Foundation.framework in Frameworks */,
				1DF5F4E00D08C38300B7A737 /* UIKit.framework in Frameworks */,
				2892E4100DC94CBA00A64D0F /* CoreGraphics.framework in Frameworks */,
				28860BE50F44EE6400985440 /* CoreData.framework in Frameworks */,
				B6FF2CDE10B5106D007AB6D4 /* CFNetwork.framework in Frameworks */,
				B642864010BEA11700470E43 /* QuartzCore.framework in Frameworks */,
				B68F1A3010C223C5008CCD93 /* libMYNetwork.a in Frameworks */,
			);
			runOnlyForDeploymentPostprocessing = 0;
		};
/* End PBXFrameworksBuildPhase section */

/* Begin PBXGroup section */
		080E96DDFE201D6D7F000001 /* Classes */ = {
			isa = PBXGroup;
			children = (
				28C286DF0D94DF7D0034E888 /* RootViewController.h */,
				28C286E00D94DF7D0034E888 /* RootViewController.m */,
				1D3623240D0F684500981E51 /* AppDelegate.h */,
				1D3623250D0F684500981E51 /* AppDelegate.m */,
				B61383EA10BA7FFA006E7227 /* PairingEntryController.h */,
				B61383EB10BA7FFA006E7227 /* PairingEntryController.m */,
				B61384CF10BCD3D9006E7227 /* PairingServerTableViewController.h */,
				B61384D010BCD3D9006E7227 /* PairingServerTableViewController.m */,
			);
			path = Classes;
			sourceTree = "<group>";
		};
		19C28FACFE9D520D11CA2CBB /* Products */ = {
			isa = PBXGroup;
			children = (
				1D6058910D05DD3D006BFB54 /* SampleTouch.app */,
			);
			name = Products;
			sourceTree = "<group>";
		};
		29B97314FDCFA39411CA2CEA /* CustomTemplate */ = {
			isa = PBXGroup;
			children = (
				B6457FEB10B0A93D00A96714 /* SharedCode */,
				B631391810AB4E5700E27635 /* DeviceCode */,
				080E96DDFE201D6D7F000001 /* Classes */,
				29B97315FDCFA39411CA2CEA /* Other Sources */,
				29B97317FDCFA39411CA2CEA /* Resources */,
				29B97323FDCFA39411CA2CEA /* Frameworks */,
				19C28FACFE9D520D11CA2CBB /* Products */,
			);
			name = CustomTemplate;
			sourceTree = "<group>";
		};
		29B97315FDCFA39411CA2CEA /* Other Sources */ = {
			isa = PBXGroup;
			children = (
				28A0AAE50D9B0CCF005BE974 /* Prefix.pch */,
				29B97316FDCFA39411CA2CEA /* main.m */,
			);
			name = "Other Sources";
			sourceTree = "<group>";
		};
		29B97317FDCFA39411CA2CEA /* Resources */ = {
			isa = PBXGroup;
			children = (
				B61383ED10BA8049006E7227 /* PairingView.xib */,
				B6C2E13310A748B50063E436 /* RootViewController.xib */,
				B6C2E13110A748B50063E436 /* MainWindow.xib */,
				B61384FA10BCD82C006E7227 /* app.png */,
				B6C2E13510A748B50063E436 /* DataModel.xcdatamodel */,
				8D1107310486CEB800E47090 /* Info.plist */,
			);
			name = Resources;
			sourceTree = "<group>";
		};
		29B97323FDCFA39411CA2CEA /* Frameworks */ = {
			isa = PBXGroup;
			children = (
				B642863F10BEA11700470E43 /* QuartzCore.framework */,
				1DF5F4DF0D08C38300B7A737 /* UIKit.framework */,
				1D30AB110D05D00D00671497 /* Foundation.framework */,
				2892E40F0DC94CBA00A64D0F /* CoreGraphics.framework */,
				28860BE40F44EE6400985440 /* CoreData.framework */,
				B6FF2CDD10B5106D007AB6D4 /* CFNetwork.framework */,
			);
			name = Frameworks;
			sourceTree = "<group>";
		};
		B631391810AB4E5700E27635 /* DeviceCode */ = {
			isa = PBXGroup;
			children = (
				B631391910AB4E7F00E27635 /* ZSyncTouch.h */,
				B631391A10AB4E9900E27635 /* ZSyncTouchHandler.h */,
				B631391B10AB4E9900E27635 /* ZSyncTouchHandler.m */,
			);
			name = DeviceCode;
			path = ../DeviceCode;
			sourceTree = "<group>";
		};
		B6457FEB10B0A93D00A96714 /* SharedCode */ = {
			isa = PBXGroup;
			children = (
				B68F1A2F10C223C5008CCD93 /* libMYNetwork.a */,
				B6457FED10B0A94E00A96714 /* ZSyncShared.h */,
			);
			name = SharedCode;
			path = ../SharedCode;
			sourceTree = "<group>";
		};
/* End PBXGroup section */

/* Begin PBXNativeTarget section */
		1D6058900D05DD3D006BFB54 /* SampleTouch */ = {
			isa = PBXNativeTarget;
			buildConfigurationList = 1D6058960D05DD3E006BFB54 /* Build configuration list for PBXNativeTarget "SampleTouch" */;
			buildPhases = (
				1D60588D0D05DD3D006BFB54 /* Resources */,
				1D60588E0D05DD3D006BFB54 /* Sources */,
				1D60588F0D05DD3D006BFB54 /* Frameworks */,
			);
			buildRules = (
			);
			dependencies = (
			);
			name = SampleTouch;
			productName = SampleTouch;
			productReference = 1D6058910D05DD3D006BFB54 /* SampleTouch.app */;
			productType = "com.apple.product-type.application";
		};
/* End PBXNativeTarget section */

/* Begin PBXProject section */
		29B97313FDCFA39411CA2CEA /* Project object */ = {
			isa = PBXProject;
			buildConfigurationList = C01FCF4E08A954540054247B /* Build configuration list for PBXProject "SampleTouch" */;
			compatibilityVersion = "Xcode 3.1";
			hasScannedForEncodings = 1;
			knownRegions = (
				English,
				Japanese,
				French,
				German,
				en,
			);
			mainGroup = 29B97314FDCFA39411CA2CEA /* CustomTemplate */;
			projectDirPath = "";
			projectRoot = "";
			targets = (
				1D6058900D05DD3D006BFB54 /* SampleTouch */,
			);
		};
/* End PBXProject section */

/* Begin PBXResourcesBuildPhase section */
		1D60588D0D05DD3D006BFB54 /* Resources */ = {
			isa = PBXResourcesBuildPhase;
			buildActionMask = 2147483647;
			files = (
				B6C2E13610A748B50063E436 /* MainWindow.xib in Resources */,
				B6C2E13710A748B50063E436 /* RootViewController.xib in Resources */,
				B61383EF10BA8049006E7227 /* PairingView.xib in Resources */,
				B61384FB10BCD82C006E7227 /* app.png in Resources */,
			);
			runOnlyForDeploymentPostprocessing = 0;
		};
/* End PBXResourcesBuildPhase section */

/* Begin PBXSourcesBuildPhase section */
		1D60588E0D05DD3D006BFB54 /* Sources */ = {
			isa = PBXSourcesBuildPhase;
			buildActionMask = 2147483647;
			files = (
				1D60589B0D05DD56006BFB54 /* main.m in Sources */,
				1D3623260D0F684500981E51 /* AppDelegate.m in Sources */,
				28C286E10D94DF7D0034E888 /* RootViewController.m in Sources */,
				B6C2E13810A748B50063E436 /* DataModel.xcdatamodel in Sources */,
				B631391C10AB4E9900E27635 /* ZSyncTouchHandler.m in Sources */,
				B61383EC10BA7FFA006E7227 /* PairingEntryController.m in Sources */,
				B61384D110BCD3D9006E7227 /* PairingServerTableViewController.m in Sources */,
			);
			runOnlyForDeploymentPostprocessing = 0;
		};
/* End PBXSourcesBuildPhase section */

/* Begin PBXVariantGroup section */
		B61383ED10BA8049006E7227 /* PairingView.xib */ = {
			isa = PBXVariantGroup;
			children = (
				B61383EE10BA8049006E7227 /* en */,
			);
			name = PairingView.xib;
			sourceTree = "<group>";
		};
		B6C2E13110A748B50063E436 /* MainWindow.xib */ = {
			isa = PBXVariantGroup;
			children = (
				B6C2E13210A748B50063E436 /* en */,
			);
			name = MainWindow.xib;
			sourceTree = "<group>";
		};
		B6C2E13310A748B50063E436 /* RootViewController.xib */ = {
			isa = PBXVariantGroup;
			children = (
				B6C2E13410A748B50063E436 /* en */,
			);
			name = RootViewController.xib;
			sourceTree = "<group>";
		};
/* End PBXVariantGroup section */

/* Begin XCBuildConfiguration section */
		1D6058940D05DD3E006BFB54 /* Debug */ = {
			isa = XCBuildConfiguration;
			buildSettings = {
				ALWAYS_SEARCH_USER_PATHS = NO;
				COPY_PHASE_STRIP = NO;
				GCC_DYNAMIC_NO_PIC = NO;
				GCC_OPTIMIZATION_LEVEL = 0;
				GCC_PRECOMPILE_PREFIX_HEADER = YES;
				GCC_PREFIX_HEADER = Prefix.pch;
				INFOPLIST_FILE = Info.plist;
				LIBRARY_SEARCH_PATHS = (
					"$(inherited)",
					"\"$(SRCROOT)/../Libraries/MyNetwork\"",
					"\"$(SRCROOT)/../SharedCode\"",
				);
				OTHER_CFLAGS = "-DDEBUG";
				PRODUCT_NAME = SampleTouch;
			};
			name = Debug;
		};
		1D6058950D05DD3E006BFB54 /* Release */ = {
			isa = XCBuildConfiguration;
			buildSettings = {
				ALWAYS_SEARCH_USER_PATHS = NO;
				COPY_PHASE_STRIP = YES;
				GCC_PRECOMPILE_PREFIX_HEADER = YES;
				GCC_PREFIX_HEADER = Prefix.pch;
				INFOPLIST_FILE = Info.plist;
				LIBRARY_SEARCH_PATHS = (
					"$(inherited)",
					"\"$(SRCROOT)/../Libraries/MyNetwork\"",
					"\"$(SRCROOT)/../SharedCode\"",
				);
				"OTHER_LDFLAGS[sdk=iphoneos*][arch=*]" = "-lMYNetwork-iPhone";
				"OTHER_LDFLAGS[sdk=iphonesimulator*][arch=*]" = "-lMYNetwork-Simulator";
				PRODUCT_NAME = SampleTouch;
			};
			name = Release;
		};
		C01FCF4F08A954540054247B /* Debug */ = {
			isa = XCBuildConfiguration;
			buildSettings = {
				ARCHS = "$(ARCHS_STANDARD_32_BIT)";
				"CODE_SIGN_IDENTITY[sdk=iphoneos*]" = "iPhone Developer";
				GCC_C_LANGUAGE_STANDARD = c99;
				GCC_WARN_ABOUT_RETURN_TYPE = YES;
				GCC_WARN_UNUSED_VARIABLE = YES;
				PREBINDING = NO;
				SDKROOT = iphoneos3.1.2;
			};
			name = Debug;
		};
		C01FCF5008A954540054247B /* Release */ = {
			isa = XCBuildConfiguration;
			buildSettings = {
				ARCHS = "$(ARCHS_STANDARD_32_BIT)";
				"CODE_SIGN_IDENTITY[sdk=iphoneos*]" = "iPhone Developer";
				GCC_C_LANGUAGE_STANDARD = c99;
				GCC_WARN_ABOUT_RETURN_TYPE = YES;
				GCC_WARN_UNUSED_VARIABLE = YES;
				PREBINDING = NO;
				SDKROOT = iphoneos3.1.2;
			};
			name = Release;
		};
/* End XCBuildConfiguration section */

/* Begin XCConfigurationList section */
		1D6058960D05DD3E006BFB54 /* Build configuration list for PBXNativeTarget "SampleTouch" */ = {
			isa = XCConfigurationList;
			buildConfigurations = (
				1D6058940D05DD3E006BFB54 /* Debug */,
				1D6058950D05DD3E006BFB54 /* Release */,
			);
			defaultConfigurationIsVisible = 0;
			defaultConfigurationName = Release;
		};
		C01FCF4E08A954540054247B /* Build configuration list for PBXProject "SampleTouch" */ = {
			isa = XCConfigurationList;
			buildConfigurations = (
				C01FCF4F08A954540054247B /* Debug */,
				C01FCF5008A954540054247B /* Release */,
			);
			defaultConfigurationIsVisible = 0;
			defaultConfigurationName = Release;
		};
/* End XCConfigurationList section */
	};
	rootObject = 29B97313FDCFA39411CA2CEA /* Project object */;
}
