// !$*UTF8*$!
{
	archiveVersion = 1;
	classes = {
	};
	objectVersion = 46;
	objects = {

/* Begin PBXBuildFile section */
		770B37ED0679A11B001EADE2 /* DataModel.xcdatamodel in Sources */ = {isa = PBXBuildFile; fileRef = 770B37EC0679A11B001EADE2 /* DataModel.xcdatamodel */; };
		77C8280E06725ACE000B614F /* AppDelegate.m in Sources */ = {isa = PBXBuildFile; fileRef = 77C8280C06725ACE000B614F /* AppDelegate.m */; };
		8D11072F0486CEB800E47090 /* Cocoa.framework in Frameworks */ = {isa = PBXBuildFile; fileRef = 1058C7A1FEA54F0111CA2CBB /* Cocoa.framework */; };
		B633AFEA10C149A8009101EF /* CoreData.framework in Frameworks */ = {isa = PBXBuildFile; fileRef = B633AFE910C149A8009101EF /* CoreData.framework */; };
		B6457E4110B059EC00A96714 /* SyncServices.framework in Frameworks */ = {isa = PBXBuildFile; fileRef = B6457E4010B059EC00A96714 /* SyncServices.framework */; };
		B6510A7E10F1067500D22FBC /* App.icns in Resources */ = {isa = PBXBuildFile; fileRef = B6510A7D10F1067500D22FBC /* App.icns */; };
		B691FC4410ED8E6300207210 /* main.m in Sources */ = {isa = PBXBuildFile; fileRef = B691FC4310ED8E6300207210 /* main.m */; };
		B691FC4910ED8E7400207210 /* InfoPlist.strings in Resources */ = {isa = PBXBuildFile; fileRef = B691FC4510ED8E7400207210 /* InfoPlist.strings */; };
		B691FC4A10ED8E7400207210 /* MainMenu.xib in Resources */ = {isa = PBXBuildFile; fileRef = B691FC4710ED8E7400207210 /* MainMenu.xib */; };
		B691FCCF10ED92A500207210 /* ZSyncSample.syncschema in Resources */ = {isa = PBXBuildFile; fileRef = B6457E3110B058CD00A96714 /* ZSyncSample.syncschema */; };
		B691FD5310EDA99200207210 /* clientDescription.plist in Resources */ = {isa = PBXBuildFile; fileRef = B691FC7310ED907400207210 /* clientDescription.plist */; };
/* End PBXBuildFile section */

/* Begin PBXContainerItemProxy section */
		B6457E3010B058CD00A96714 /* PBXContainerItemProxy */ = {
			isa = PBXContainerItemProxy;
			containerPortal = B6457E2C10B058CD00A96714 /* SyncSchema.xcodeproj */;
			proxyType = 2;
			remoteGlobalIDString = 8D5B49B6048680CD000E48DA;
			remoteInfo = SyncSchema;
		};
		B6457E3410B058FE00A96714 /* PBXContainerItemProxy */ = {
			isa = PBXContainerItemProxy;
			containerPortal = B6457E2C10B058CD00A96714 /* SyncSchema.xcodeproj */;
			proxyType = 1;
			remoteGlobalIDString = 8D5B49AC048680CD000E48DA;
			remoteInfo = SyncSchema;
		};
/* End PBXContainerItemProxy section */

/* Begin PBXFileReference section */
		1058C7A1FEA54F0111CA2CBB /* Cocoa.framework */ = {isa = PBXFileReference; lastKnownFileType = wrapper.framework; name = Cocoa.framework; path = /System/Library/Frameworks/Cocoa.framework; sourceTree = "<absolute>"; };
		29B97324FDCFA39411CA2CEA /* AppKit.framework */ = {isa = PBXFileReference; lastKnownFileType = wrapper.framework; name = AppKit.framework; path = /System/Library/Frameworks/AppKit.framework; sourceTree = "<absolute>"; };
		29B97325FDCFA39411CA2CEA /* Foundation.framework */ = {isa = PBXFileReference; lastKnownFileType = wrapper.framework; name = Foundation.framework; path = /System/Library/Frameworks/Foundation.framework; sourceTree = "<absolute>"; };
		32CA4F630368D1EE00C91783 /* Prefix.pch */ = {isa = PBXFileReference; fileEncoding = 4; lastKnownFileType = sourcecode.c.h; path = Prefix.pch; sourceTree = "<group>"; };
		770B37EC0679A11B001EADE2 /* DataModel.xcdatamodel */ = {isa = PBXFileReference; fileEncoding = 4; lastKnownFileType = wrapper.xcdatamodel; path = DataModel.xcdatamodel; sourceTree = "<group>"; };
		77C82804067257F0000B614F /* CoreData.framework */ = {isa = PBXFileReference; lastKnownFileType = wrapper.framework; name = CoreData.framework; path = /System/Library/Frameworks/CoreData.framework; sourceTree = "<absolute>"; };
		77C8280B06725ACE000B614F /* AppDelegate.h */ = {isa = PBXFileReference; fileEncoding = 4; lastKnownFileType = sourcecode.c.h; path = AppDelegate.h; sourceTree = "<group>"; };
		77C8280C06725ACE000B614F /* AppDelegate.m */ = {isa = PBXFileReference; fileEncoding = 4; lastKnownFileType = sourcecode.c.objc; path = AppDelegate.m; sourceTree = "<group>"; };
		8D1107310486CEB800E47090 /* Info.plist */ = {isa = PBXFileReference; explicitFileType = text.plist.xml; fileEncoding = 4; path = Info.plist; sourceTree = "<group>"; };
		8D1107320486CEB800E47090 /* SampleDesktop.app */ = {isa = PBXFileReference; explicitFileType = wrapper.application; includeInIndex = 0; path = SampleDesktop.app; sourceTree = BUILT_PRODUCTS_DIR; };
		B633AFE910C149A8009101EF /* CoreData.framework */ = {isa = PBXFileReference; lastKnownFileType = wrapper.framework; name = CoreData.framework; path = System/Library/Frameworks/CoreData.framework; sourceTree = SDKROOT; };
		B6457E2C10B058CD00A96714 /* SyncSchema.xcodeproj */ = {isa = PBXFileReference; lastKnownFileType = "wrapper.pb-project"; name = SyncSchema.xcodeproj; path = SyncSchema/SyncSchema.xcodeproj; sourceTree = "<group>"; };
		B6457E4010B059EC00A96714 /* SyncServices.framework */ = {isa = PBXFileReference; lastKnownFileType = wrapper.framework; name = SyncServices.framework; path = System/Library/Frameworks/SyncServices.framework; sourceTree = SDKROOT; };
		B6510A7D10F1067500D22FBC /* App.icns */ = {isa = PBXFileReference; lastKnownFileType = image.icns; path = App.icns; sourceTree = "<group>"; };
		B691FC4310ED8E6300207210 /* main.m */ = {isa = PBXFileReference; fileEncoding = 4; lastKnownFileType = sourcecode.c.objc; name = main.m; path = Classes/main.m; sourceTree = "<group>"; };
		B691FC4610ED8E7400207210 /* en */ = {isa = PBXFileReference; fileEncoding = 4; lastKnownFileType = text.plist.strings; name = en; path = en.lproj/InfoPlist.strings; sourceTree = "<group>"; };
		B691FC4810ED8E7400207210 /* en */ = {isa = PBXFileReference; lastKnownFileType = file.xib; name = en; path = en.lproj/MainMenu.xib; sourceTree = "<group>"; };
		B691FC7310ED907400207210 /* clientDescription.plist */ = {isa = PBXFileReference; fileEncoding = 4; lastKnownFileType = text.plist.xml; path = clientDescription.plist; sourceTree = "<group>"; };
/* End PBXFileReference section */

/* Begin PBXFrameworksBuildPhase section */
		8D11072E0486CEB800E47090 /* Frameworks */ = {
			isa = PBXFrameworksBuildPhase;
			buildActionMask = 2147483647;
			files = (
				8D11072F0486CEB800E47090 /* Cocoa.framework in Frameworks */,
				B6457E4110B059EC00A96714 /* SyncServices.framework in Frameworks */,
				B633AFEA10C149A8009101EF /* CoreData.framework in Frameworks */,
			);
			runOnlyForDeploymentPostprocessing = 0;
		};
/* End PBXFrameworksBuildPhase section */

/* Begin PBXGroup section */
		080E96DDFE201D6D7F000001 /* Classes */ = {
			isa = PBXGroup;
			children = (
				77C8280B06725ACE000B614F /* AppDelegate.h */,
				77C8280C06725ACE000B614F /* AppDelegate.m */,
			);
			path = Classes;
			sourceTree = "<group>";
		};
		1058C7A0FEA54F0111CA2CBB /* Linked Frameworks */ = {
			isa = PBXGroup;
			children = (
				B6457E4010B059EC00A96714 /* SyncServices.framework */,
				1058C7A1FEA54F0111CA2CBB /* Cocoa.framework */,
				B633AFE910C149A8009101EF /* CoreData.framework */,
			);
			name = "Linked Frameworks";
			sourceTree = "<group>";
		};
		1058C7A2FEA54F0111CA2CBB /* Other Frameworks */ = {
			isa = PBXGroup;
			children = (
				77C82804067257F0000B614F /* CoreData.framework */,
				29B97325FDCFA39411CA2CEA /* Foundation.framework */,
				29B97324FDCFA39411CA2CEA /* AppKit.framework */,
			);
			name = "Other Frameworks";
			sourceTree = "<group>";
		};
		19C28FACFE9D520D11CA2CBB /* Products */ = {
			isa = PBXGroup;
			children = (
				8D1107320486CEB800E47090 /* SampleDesktop.app */,
			);
			name = Products;
			sourceTree = "<group>";
		};
		29B97314FDCFA39411CA2CEA /* SampleDesktop */ = {
			isa = PBXGroup;
			children = (
				B6457E2C10B058CD00A96714 /* SyncSchema.xcodeproj */,
				080E96DDFE201D6D7F000001 /* Classes */,
				29B97315FDCFA39411CA2CEA /* Other Sources */,
				29B97317FDCFA39411CA2CEA /* Resources */,
				29B97323FDCFA39411CA2CEA /* Frameworks */,
				19C28FACFE9D520D11CA2CBB /* Products */,
			);
			name = SampleDesktop;
			sourceTree = "<group>";
		};
		29B97315FDCFA39411CA2CEA /* Other Sources */ = {
			isa = PBXGroup;
			children = (
				B691FC4310ED8E6300207210 /* main.m */,
				32CA4F630368D1EE00C91783 /* Prefix.pch */,
			);
			name = "Other Sources";
			sourceTree = "<group>";
		};
		29B97317FDCFA39411CA2CEA /* Resources */ = {
			isa = PBXGroup;
			children = (
				B6510A7D10F1067500D22FBC /* App.icns */,
				7756732906782D8800D1FEB8 /* DataModel */,
				B691FC4510ED8E7400207210 /* InfoPlist.strings */,
				B691FC4710ED8E7400207210 /* MainMenu.xib */,
				8D1107310486CEB800E47090 /* Info.plist */,
				B691FC7310ED907400207210 /* clientDescription.plist */,
			);
			name = Resources;
			sourceTree = "<group>";
		};
		29B97323FDCFA39411CA2CEA /* Frameworks */ = {
			isa = PBXGroup;
			children = (
				1058C7A0FEA54F0111CA2CBB /* Linked Frameworks */,
				1058C7A2FEA54F0111CA2CBB /* Other Frameworks */,
			);
			name = Frameworks;
			sourceTree = "<group>";
		};
		7756732906782D8800D1FEB8 /* DataModel */ = {
			isa = PBXGroup;
			children = (
				770B37EC0679A11B001EADE2 /* DataModel.xcdatamodel */,
			);
			name = DataModel;
			path = ../DataModel;
			sourceTree = "<group>";
		};
		B6457E2D10B058CD00A96714 /* Products */ = {
			isa = PBXGroup;
			children = (
				B6457E3110B058CD00A96714 /* ZSyncSample.syncschema */,
			);
			name = Products;
			sourceTree = "<group>";
		};
/* End PBXGroup section */

/* Begin PBXNativeTarget section */
		8D1107260486CEB800E47090 /* SampleDesktop */ = {
			isa = PBXNativeTarget;
			buildConfigurationList = 26FC0A840875C7B200E6366F /* Build configuration list for PBXNativeTarget "SampleDesktop" */;
			buildPhases = (
				8D1107290486CEB800E47090 /* Resources */,
				8D11072C0486CEB800E47090 /* Sources */,
				8D11072E0486CEB800E47090 /* Frameworks */,
			);
			buildRules = (
			);
			dependencies = (
				B6457E3510B058FE00A96714 /* PBXTargetDependency */,
			);
			name = SampleDesktop;
			productInstallPath = "$(HOME)/Applications";
			productName = SampleDesktop;
			productReference = 8D1107320486CEB800E47090 /* SampleDesktop.app */;
			productType = "com.apple.product-type.application";
		};
/* End PBXNativeTarget section */

/* Begin PBXProject section */
		29B97313FDCFA39411CA2CEA /* Project object */ = {
			isa = PBXProject;
			buildConfigurationList = 26FC0A880875C7B200E6366F /* Build configuration list for PBXProject "SampleDesktop" */;
			compatibilityVersion = "Xcode 3.2";
			hasScannedForEncodings = 1;
			knownRegions = (
				English,
				Japanese,
				French,
				German,
				en,
			);
			mainGroup = 29B97314FDCFA39411CA2CEA /* SampleDesktop */;
			projectDirPath = "";
			projectReferences = (
				{
					ProductGroup = B6457E2D10B058CD00A96714 /* Products */;
					ProjectRef = B6457E2C10B058CD00A96714 /* SyncSchema.xcodeproj */;
				},
			);
			projectRoot = "";
			targets = (
				8D1107260486CEB800E47090 /* SampleDesktop */,
			);
		};
/* End PBXProject section */

/* Begin PBXReferenceProxy section */
		B6457E3110B058CD00A96714 /* ZSyncSample.syncschema */ = {
			isa = PBXReferenceProxy;
			fileType = wrapper.cfbundle;
			path = ZSyncSample.syncschema;
			remoteRef = B6457E3010B058CD00A96714 /* PBXContainerItemProxy */;
			sourceTree = BUILT_PRODUCTS_DIR;
		};
/* End PBXReferenceProxy section */

/* Begin PBXResourcesBuildPhase section */
		8D1107290486CEB800E47090 /* Resources */ = {
			isa = PBXResourcesBuildPhase;
			buildActionMask = 2147483647;
			files = (
				B691FCCF10ED92A500207210 /* ZSyncSample.syncschema in Resources */,
				B691FC4910ED8E7400207210 /* InfoPlist.strings in Resources */,
				B691FC4A10ED8E7400207210 /* MainMenu.xib in Resources */,
				B691FD5310EDA99200207210 /* clientDescription.plist in Resources */,
				B6510A7E10F1067500D22FBC /* App.icns in Resources */,
			);
			runOnlyForDeploymentPostprocessing = 0;
		};
/* End PBXResourcesBuildPhase section */

/* Begin PBXSourcesBuildPhase section */
		8D11072C0486CEB800E47090 /* Sources */ = {
			isa = PBXSourcesBuildPhase;
			buildActionMask = 2147483647;
			files = (
				77C8280E06725ACE000B614F /* AppDelegate.m in Sources */,
				770B37ED0679A11B001EADE2 /* DataModel.xcdatamodel in Sources */,
				B691FC4410ED8E6300207210 /* main.m in Sources */,
			);
			runOnlyForDeploymentPostprocessing = 0;
		};
/* End PBXSourcesBuildPhase section */

/* Begin PBXTargetDependency section */
		B6457E3510B058FE00A96714 /* PBXTargetDependency */ = {
			isa = PBXTargetDependency;
			name = SyncSchema;
			targetProxy = B6457E3410B058FE00A96714 /* PBXContainerItemProxy */;
		};
/* End PBXTargetDependency section */

/* Begin PBXVariantGroup section */
		B691FC4510ED8E7400207210 /* InfoPlist.strings */ = {
			isa = PBXVariantGroup;
			children = (
				B691FC4610ED8E7400207210 /* en */,
			);
			name = InfoPlist.strings;
			sourceTree = "<group>";
		};
		B691FC4710ED8E7400207210 /* MainMenu.xib */ = {
			isa = PBXVariantGroup;
			children = (
				B691FC4810ED8E7400207210 /* en */,
			);
			name = MainMenu.xib;
			sourceTree = "<group>";
		};
/* End PBXVariantGroup section */

/* Begin XCBuildConfiguration section */
		26FC0A850875C7B200E6366F /* Debug */ = {
			isa = XCBuildConfiguration;
			buildSettings = {
				ARCHS = "$(ARCHS_STANDARD_32_64_BIT)";
				COPY_PHASE_STRIP = NO;
				GCC_DYNAMIC_NO_PIC = NO;
				GCC_ENABLE_FIX_AND_CONTINUE = YES;
				GCC_ENABLE_OBJC_EXCEPTIONS = YES;
				GCC_MODEL_TUNING = G5;
				GCC_OPTIMIZATION_LEVEL = 0;
				GCC_PRECOMPILE_PREFIX_HEADER = YES;
				GCC_PREFIX_HEADER = Prefix.pch;
				INFOPLIST_FILE = Info.plist;
				INSTALL_PATH = "$(HOME)/Applications";
				LIBRARY_SEARCH_PATHS = (
					"$(inherited)",
					"\"$(SRCROOT)/../Libraries\"",
					"\"$(SRCROOT)/../Libraries/MyNetwork\"",
					"\"$(SRCROOT)/../SharedCode\"",
				);
				OTHER_CFLAGS = "-DDEBUG";
				PRODUCT_NAME = SampleDesktop;
				WRAPPER_EXTENSION = app;
			};
			name = Debug;
		};
		26FC0A860875C7B200E6366F /* Release */ = {
			isa = XCBuildConfiguration;
			buildSettings = {
				DEBUG_INFORMATION_FORMAT = "dwarf-with-dsym";
				GCC_ENABLE_OBJC_EXCEPTIONS = YES;
				GCC_MODEL_TUNING = G5;
				GCC_PRECOMPILE_PREFIX_HEADER = YES;
				GCC_PREFIX_HEADER = Prefix.pch;
				INFOPLIST_FILE = Info.plist;
				INSTALL_PATH = "$(HOME)/Applications";
				LIBRARY_SEARCH_PATHS = (
					"$(inherited)",
					"\"$(SRCROOT)/../Libraries\"",
					"\"$(SRCROOT)/../Libraries/MyNetwork\"",
					"\"$(SRCROOT)/../SharedCode\"",
				);
				PRODUCT_NAME = SampleDesktop;
				WRAPPER_EXTENSION = app;
			};
			name = Release;
		};
		26FC0A890875C7B200E6366F /* Debug */ = {
			isa = XCBuildConfiguration;
			buildSettings = {
				ARCHS = "$(ARCHS_STANDARD_32_64_BIT)";
				GCC_C_LANGUAGE_STANDARD = gnu99;
				GCC_WARN_ABOUT_RETURN_TYPE = YES;
				GCC_WARN_UNUSED_VARIABLE = YES;
				ONLY_ACTIVE_ARCH = YES;
				PREBINDING = NO;
				SDKROOT = macosx10.5;
			};
			name = Debug;
		};
		26FC0A8A0875C7B200E6366F /* Release */ = {
			isa = XCBuildConfiguration;
			buildSettings = {
				ARCHS = "$(ARCHS_STANDARD_32_64_BIT)";
				GCC_C_LANGUAGE_STANDARD = gnu99;
				GCC_WARN_ABOUT_RETURN_TYPE = YES;
				GCC_WARN_UNUSED_VARIABLE = YES;
				PREBINDING = NO;
				SDKROOT = macosx10.5;
			};
			name = Release;
		};
/* End XCBuildConfiguration section */

/* Begin XCConfigurationList section */
		26FC0A840875C7B200E6366F /* Build configuration list for PBXNativeTarget "SampleDesktop" */ = {
			isa = XCConfigurationList;
			buildConfigurations = (
				26FC0A850875C7B200E6366F /* Debug */,
				26FC0A860875C7B200E6366F /* Release */,
			);
			defaultConfigurationIsVisible = 0;
			defaultConfigurationName = Release;
		};
		26FC0A880875C7B200E6366F /* Build configuration list for PBXProject "SampleDesktop" */ = {
			isa = XCConfigurationList;
			buildConfigurations = (
				26FC0A890875C7B200E6366F /* Debug */,
				26FC0A8A0875C7B200E6366F /* Release */,
			);
			defaultConfigurationIsVisible = 0;
			defaultConfigurationName = Release;
		};
/* End XCConfigurationList section */
	};
	rootObject = 29B97313FDCFA39411CA2CEA /* Project object */;
}
